
Microsoft Visual Studio Solution File, Format Version 12.00
# Visual Studio Version 16
VisualStudioVersion = 16.0.30011.22
MinimumVisualStudioVersion = 10.0.40219.1
Project("{9A19103F-16F7-4668-BE54-9A1E7A4F7556}") = "devoft.ClientModel", "devoft.ClientModel\devoft.ClientModel.csproj", "{6BDFB196-482F-4717-B670-6A2F82D6F924}"
EndProject
Project("{9A19103F-16F7-4668-BE54-9A1E7A4F7556}") = "devoft.ClientModel.Test", "devoft.ClientModel.Test\devoft.ClientModel.Test.csproj", "{FF29C48D-5C78-4AF7-A772-67D63B6BEF6B}"
EndProject
Global
	GlobalSection(SolutionConfigurationPlatforms) = preSolution
		Debug|Any CPU = Debug|Any CPU
		Release|Any CPU = Release|Any CPU
	EndGlobalSection
	GlobalSection(ProjectConfigurationPlatforms) = postSolution
		{6BDFB196-482F-4717-B670-6A2F82D6F924}.Debug|Any CPU.ActiveCfg = Debug|Any CPU
		{6BDFB196-482F-4717-B670-6A2F82D6F924}.Debug|Any CPU.Build.0 = Debug|Any CPU
		{6BDFB196-482F-4717-B670-6A2F82D6F924}.Release|Any CPU.ActiveCfg = Release|Any CPU
		{6BDFB196-482F-4717-B670-6A2F82D6F924}.Release|Any CPU.Build.0 = Release|Any CPU
		{FF29C48D-5C78-4AF7-A772-67D63B6BEF6B}.Debug|Any CPU.ActiveCfg = Debug|Any CPU
		{FF29C48D-5C78-4AF7-A772-67D63B6BEF6B}.Debug|Any CPU.Build.0 = Debug|Any CPU
		{FF29C48D-5C78-4AF7-A772-67D63B6BEF6B}.Release|Any CPU.ActiveCfg = Release|Any CPU
		{FF29C48D-5C78-4AF7-A772-67D63B6BEF6B}.Release|Any CPU.Build.0 = Release|Any CPU
	EndGlobalSection
	GlobalSection(SolutionProperties) = preSolution
		HideSolutionNode = FALSE
	EndGlobalSection
	GlobalSection(ExtensibilityGlobals) = postSolution
		SolutionGuid = {B07C7A98-A07C-4C23-A95A-39105AE68E46}
	EndGlobalSection
EndGlobal
